
Microsoft Visual Studio Solution File, Format Version 12.00
# Visual Studio Version 16
VisualStudioVersion = 16.0.31829.152
MinimumVisualStudioVersion = 10.0.40219.1
Project("{FAE04EC0-301F-11D3-BF4B-00C04F79EFBC}") = "laba4", "laba4\laba4.csproj", "{6EC79922-D109-41B2-ACB0-CB68325C17A1}"
EndProject
Global
	GlobalSection(SolutionConfigurationPlatforms) = preSolution
		Debug|Any CPU = Debug|Any CPU
		Release|Any CPU = Release|Any CPU
	EndGlobalSection
	GlobalSection(ProjectConfigurationPlatforms) = postSolution
		{6EC79922-D109-41B2-ACB0-CB68325C17A1}.Debug|Any CPU.ActiveCfg = Debug|Any CPU
		{6EC79922-D109-41B2-ACB0-CB68325C17A1}.Debug|Any CPU.Build.0 = Debug|Any CPU
		{6EC79922-D109-41B2-ACB0-CB68325C17A1}.Release|Any CPU.ActiveCfg = Release|Any CPU
		{6EC79922-D109-41B2-ACB0-CB68325C17A1}.Release|Any CPU.Build.0 = Release|Any CPU
	EndGlobalSection
	GlobalSection(SolutionProperties) = preSolution
		HideSolutionNode = FALSE
	EndGlobalSection
	GlobalSection(ExtensibilityGlobals) = postSolution
		SolutionGuid = {DFF8EFFB-B4DE-4077-9C19-087F01B761C6}
	EndGlobalSection
EndGlobal
